
Microsoft Visual Studio Solution File, Format Version 12.00
# Visual Studio Version 17
VisualStudioVersion = 17.10.35122.118
MinimumVisualStudioVersion = 10.0.40219.1
Project("{FAE04EC0-301F-11D3-BF4B-00C04F79EFBC}") = "Ejemplo", "Ejemplo\Ejemplo.csproj", "{3E6B0409-B32C-410D-9E8F-51792099B705}"
EndProject
Global
	GlobalSection(SolutionConfigurationPlatforms) = preSolution
		Debug|Any CPU = Debug|Any CPU
		Release|Any CPU = Release|Any CPU
	EndGlobalSection
	GlobalSection(ProjectConfigurationPlatforms) = postSolution
		{3E6B0409-B32C-410D-9E8F-51792099B705}.Debug|Any CPU.ActiveCfg = Debug|Any CPU
		{3E6B0409-B32C-410D-9E8F-51792099B705}.Debug|Any CPU.Build.0 = Debug|Any CPU
		{3E6B0409-B32C-410D-9E8F-51792099B705}.Release|Any CPU.ActiveCfg = Release|Any CPU
		{3E6B0409-B32C-410D-9E8F-51792099B705}.Release|Any CPU.Build.0 = Release|Any CPU
	EndGlobalSection
	GlobalSection(SolutionProperties) = preSolution
		HideSolutionNode = FALSE
	EndGlobalSection
	GlobalSection(ExtensibilityGlobals) = postSolution
		SolutionGuid = {0D6BAE75-4A19-48BC-A64C-78E0466FE791}
	EndGlobalSection
EndGlobal
